// !$*UTF8*$!
{
	archiveVersion = 1;
	classes = {
	};
	objectVersion = 48;
	objects = {

/* Begin PBXBuildFile section */
		2C283ED31EFD1A0C007DD659 /* ItemCell.swift in Sources */ = {isa = PBXBuildFile; fileRef = 2C283ED21EFD1A0C007DD659 /* ItemCell.swift */; };
		2C283ED51EFD6F62007DD659 /* ItemCellTests.swift in Sources */ = {isa = PBXBuildFile; fileRef = 2C283ED41EFD6F62007DD659 /* ItemCellTests.swift */; };
		2C2B2D501F0264F300E2F5BA /* DetailViewControllerTests.swift in Sources */ = {isa = PBXBuildFile; fileRef = 2C2B2D4F1F0264F300E2F5BA /* DetailViewControllerTests.swift */; };
		2C2B2D521F0265B000E2F5BA /* DetailViewController.swift in Sources */ = {isa = PBXBuildFile; fileRef = 2C2B2D511F0265B000E2F5BA /* DetailViewController.swift */; };
		2C2B2D551F026B1900E2F5BA /* MapKit.framework in Frameworks */ = {isa = PBXBuildFile; fileRef = 2C2B2D541F026B1900E2F5BA /* MapKit.framework */; };
		2C41D3831EF92E3600788DDA /* AppDelegate.swift in Sources */ = {isa = PBXBuildFile; fileRef = 2C41D3821EF92E3600788DDA /* AppDelegate.swift */; };
		2C41D3881EF92E3600788DDA /* Main.storyboard in Resources */ = {isa = PBXBuildFile; fileRef = 2C41D3861EF92E3600788DDA /* Main.storyboard */; };
		2C41D38A1EF92E3600788DDA /* Assets.xcassets in Resources */ = {isa = PBXBuildFile; fileRef = 2C41D3891EF92E3600788DDA /* Assets.xcassets */; };
		2C41D38D1EF92E3600788DDA /* LaunchScreen.storyboard in Resources */ = {isa = PBXBuildFile; fileRef = 2C41D38B1EF92E3600788DDA /* LaunchScreen.storyboard */; };
		2C41D3A31EF93FA200788DDA /* ToDoTests.swift in Sources */ = {isa = PBXBuildFile; fileRef = 2C41D3A21EF93FA200788DDA /* ToDoTests.swift */; };
		2C41D3A51EF9672E00788DDA /* ToDoItem.swift in Sources */ = {isa = PBXBuildFile; fileRef = 2C41D3A41EF9672E00788DDA /* ToDoItem.swift */; };
		2C41D3A81EFA7BFE00788DDA /* Location.swift in Sources */ = {isa = PBXBuildFile; fileRef = 2C41D3A71EFA7BFE00788DDA /* Location.swift */; };
		2C41D3AA1EFA7CF500788DDA /* LocationTests.swift in Sources */ = {isa = PBXBuildFile; fileRef = 2C41D3A91EFA7CF500788DDA /* LocationTests.swift */; };
		2C41D3AC1EFA7E8500788DDA /* ItemManagerTests.swift in Sources */ = {isa = PBXBuildFile; fileRef = 2C41D3AB1EFA7E8500788DDA /* ItemManagerTests.swift */; };
		2C41D3AE1EFA7EDF00788DDA /* ItemManager.swift in Sources */ = {isa = PBXBuildFile; fileRef = 2C41D3AD1EFA7EDF00788DDA /* ItemManager.swift */; };
		2CD2A96D1EFBCC47006DE688 /* ItemListViewControllerTests.swift in Sources */ = {isa = PBXBuildFile; fileRef = 2CD2A96C1EFBCC47006DE688 /* ItemListViewControllerTests.swift */; };
		2CD2A96F1EFBCCA9006DE688 /* ItemListViewController.swift in Sources */ = {isa = PBXBuildFile; fileRef = 2CD2A96E1EFBCCA9006DE688 /* ItemListViewController.swift */; };
		2CD2A9711EFBCFCD006DE688 /* ItemListDataProvider.swift in Sources */ = {isa = PBXBuildFile; fileRef = 2CD2A9701EFBCFCD006DE688 /* ItemListDataProvider.swift */; };
		2CD2A9741EFC0AA2006DE688 /* ItemListDataProviderTests.swift in Sources */ = {isa = PBXBuildFile; fileRef = 2CD2A9731EFC0AA2006DE688 /* ItemListDataProviderTests.swift */; };
		2CFC5C051F02B16600749253 /* InputViewControllerTests.swift in Sources */ = {isa = PBXBuildFile; fileRef = 2CFC5C041F02B16600749253 /* InputViewControllerTests.swift */; };
		2CFC5C071F02B37900749253 /* InputViewController.swift in Sources */ = {isa = PBXBuildFile; fileRef = 2CFC5C061F02B37900749253 /* InputViewController.swift */; };
/* End PBXBuildFile section */

/* Begin PBXContainerItemProxy section */
		2C41D3941EF92E3600788DDA /* PBXContainerItemProxy */ = {
			isa = PBXContainerItemProxy;
			containerPortal = 2C41D3771EF92E3600788DDA /* Project object */;
			proxyType = 1;
			remoteGlobalIDString = 2C41D37E1EF92E3600788DDA;
			remoteInfo = "TDD-TodoList";
		};
/* End PBXContainerItemProxy section */

/* Begin PBXFileReference section */
		2C283ED21EFD1A0C007DD659 /* ItemCell.swift */ = {isa = PBXFileReference; lastKnownFileType = sourcecode.swift; path = ItemCell.swift; sourceTree = "<group>"; };
		2C283ED41EFD6F62007DD659 /* ItemCellTests.swift */ = {isa = PBXFileReference; lastKnownFileType = sourcecode.swift; path = ItemCellTests.swift; sourceTree = "<group>"; };
		2C2B2D4F1F0264F300E2F5BA /* DetailViewControllerTests.swift */ = {isa = PBXFileReference; lastKnownFileType = sourcecode.swift; path = DetailViewControllerTests.swift; sourceTree = "<group>"; };
		2C2B2D511F0265B000E2F5BA /* DetailViewController.swift */ = {isa = PBXFileReference; lastKnownFileType = sourcecode.swift; path = DetailViewController.swift; sourceTree = "<group>"; };
		2C2B2D541F026B1900E2F5BA /* MapKit.framework */ = {isa = PBXFileReference; lastKnownFileType = wrapper.framework; name = MapKit.framework; path = System/Library/Frameworks/MapKit.framework; sourceTree = SDKROOT; };
		2C41D37F1EF92E3600788DDA /* TDD-TodoList.app */ = {isa = PBXFileReference; explicitFileType = wrapper.application; includeInIndex = 0; path = "TDD-TodoList.app"; sourceTree = BUILT_PRODUCTS_DIR; };
		2C41D3821EF92E3600788DDA /* AppDelegate.swift */ = {isa = PBXFileReference; lastKnownFileType = sourcecode.swift; path = AppDelegate.swift; sourceTree = "<group>"; };
		2C41D3871EF92E3600788DDA /* Base */ = {isa = PBXFileReference; lastKnownFileType = file.storyboard; name = Base; path = Base.lproj/Main.storyboard; sourceTree = "<group>"; };
		2C41D3891EF92E3600788DDA /* Assets.xcassets */ = {isa = PBXFileReference; lastKnownFileType = folder.assetcatalog; path = Assets.xcassets; sourceTree = "<group>"; };
		2C41D38C1EF92E3600788DDA /* Base */ = {isa = PBXFileReference; lastKnownFileType = file.storyboard; name = Base; path = Base.lproj/LaunchScreen.storyboard; sourceTree = "<group>"; };
		2C41D38E1EF92E3600788DDA /* Info.plist */ = {isa = PBXFileReference; lastKnownFileType = text.plist.xml; path = Info.plist; sourceTree = "<group>"; };
		2C41D3931EF92E3600788DDA /* TDD-TodoListTests.xctest */ = {isa = PBXFileReference; explicitFileType = wrapper.cfbundle; includeInIndex = 0; path = "TDD-TodoListTests.xctest"; sourceTree = BUILT_PRODUCTS_DIR; };
		2C41D3991EF92E3700788DDA /* Info.plist */ = {isa = PBXFileReference; lastKnownFileType = text.plist.xml; path = Info.plist; sourceTree = "<group>"; };
		2C41D3A21EF93FA200788DDA /* ToDoTests.swift */ = {isa = PBXFileReference; lastKnownFileType = sourcecode.swift; path = ToDoTests.swift; sourceTree = "<group>"; };
		2C41D3A41EF9672E00788DDA /* ToDoItem.swift */ = {isa = PBXFileReference; lastKnownFileType = sourcecode.swift; path = ToDoItem.swift; sourceTree = "<group>"; };
		2C41D3A71EFA7BFE00788DDA /* Location.swift */ = {isa = PBXFileReference; lastKnownFileType = sourcecode.swift; path = Location.swift; sourceTree = "<group>"; };
		2C41D3A91EFA7CF500788DDA /* LocationTests.swift */ = {isa = PBXFileReference; lastKnownFileType = sourcecode.swift; path = LocationTests.swift; sourceTree = "<group>"; };
		2C41D3AB1EFA7E8500788DDA /* ItemManagerTests.swift */ = {isa = PBXFileReference; lastKnownFileType = sourcecode.swift; path = ItemManagerTests.swift; sourceTree = "<group>"; };
		2C41D3AD1EFA7EDF00788DDA /* ItemManager.swift */ = {isa = PBXFileReference; lastKnownFileType = sourcecode.swift; path = ItemManager.swift; sourceTree = "<group>"; };
		2CD2A96C1EFBCC47006DE688 /* ItemListViewControllerTests.swift */ = {isa = PBXFileReference; lastKnownFileType = sourcecode.swift; path = ItemListViewControllerTests.swift; sourceTree = "<group>"; };
		2CD2A96E1EFBCCA9006DE688 /* ItemListViewController.swift */ = {isa = PBXFileReference; lastKnownFileType = sourcecode.swift; path = ItemListViewController.swift; sourceTree = "<group>"; };
		2CD2A9701EFBCFCD006DE688 /* ItemListDataProvider.swift */ = {isa = PBXFileReference; lastKnownFileType = sourcecode.swift; path = ItemListDataProvider.swift; sourceTree = "<group>"; };
		2CD2A9731EFC0AA2006DE688 /* ItemListDataProviderTests.swift */ = {isa = PBXFileReference; lastKnownFileType = sourcecode.swift; path = ItemListDataProviderTests.swift; sourceTree = "<group>"; };
		2CFC5C041F02B16600749253 /* InputViewControllerTests.swift */ = {isa = PBXFileReference; lastKnownFileType = sourcecode.swift; path = InputViewControllerTests.swift; sourceTree = "<group>"; };
		2CFC5C061F02B37900749253 /* InputViewController.swift */ = {isa = PBXFileReference; lastKnownFileType = sourcecode.swift; path = InputViewController.swift; sourceTree = "<group>"; };
/* End PBXFileReference section */

/* Begin PBXFrameworksBuildPhase section */
		2C41D37C1EF92E3600788DDA /* Frameworks */ = {
			isa = PBXFrameworksBuildPhase;
			buildActionMask = 2147483647;
			files = (
				2C2B2D551F026B1900E2F5BA /* MapKit.framework in Frameworks */,
			);
			runOnlyForDeploymentPostprocessing = 0;
		};
		2C41D3901EF92E3600788DDA /* Frameworks */ = {
			isa = PBXFrameworksBuildPhase;
			buildActionMask = 2147483647;
			files = (
			);
			runOnlyForDeploymentPostprocessing = 0;
		};
/* End PBXFrameworksBuildPhase section */

/* Begin PBXGroup section */
		2C2B2D531F026B1900E2F5BA /* Frameworks */ = {
			isa = PBXGroup;
			children = (
				2C2B2D541F026B1900E2F5BA /* MapKit.framework */,
			);
			name = Frameworks;
			sourceTree = "<group>";
		};
		2C41D3761EF92E3600788DDA = {
			isa = PBXGroup;
			children = (
				2C41D3811EF92E3600788DDA /* TDD-TodoList */,
				2C41D3961EF92E3700788DDA /* TDD-TodoListTests */,
				2C41D3801EF92E3600788DDA /* Products */,
				2C2B2D531F026B1900E2F5BA /* Frameworks */,
			);
			sourceTree = "<group>";
		};
		2C41D3801EF92E3600788DDA /* Products */ = {
			isa = PBXGroup;
			children = (
				2C41D37F1EF92E3600788DDA /* TDD-TodoList.app */,
				2C41D3931EF92E3600788DDA /* TDD-TodoListTests.xctest */,
			);
			name = Products;
			sourceTree = "<group>";
		};
		2C41D3811EF92E3600788DDA /* TDD-TodoList */ = {
			isa = PBXGroup;
			children = (
				2C41D3A61EFA7BED00788DDA /* Model */,
				2C41D3821EF92E3600788DDA /* AppDelegate.swift */,
				2C41D3861EF92E3600788DDA /* Main.storyboard */,
				2C41D3891EF92E3600788DDA /* Assets.xcassets */,
				2C41D38B1EF92E3600788DDA /* LaunchScreen.storyboard */,
				2C41D38E1EF92E3600788DDA /* Info.plist */,
				2CD2A9721EFBCFD9006DE688 /* Controller */,
			);
			path = "TDD-TodoList";
			sourceTree = "<group>";
		};
		2C41D3961EF92E3700788DDA /* TDD-TodoListTests */ = {
			isa = PBXGroup;
			children = (
				2C41D3991EF92E3700788DDA /* Info.plist */,
				2CD2A96B1EFBCC0D006DE688 /* Model */,
				2C571B671F03A99B009C41B3 /* Controller */,
			);
			path = "TDD-TodoListTests";
			sourceTree = "<group>";
		};
		2C41D3A61EFA7BED00788DDA /* Model */ = {
			isa = PBXGroup;
			children = (
				2C41D3AD1EFA7EDF00788DDA /* ItemManager.swift */,
				2C41D3A41EF9672E00788DDA /* ToDoItem.swift */,
				2C41D3A71EFA7BFE00788DDA /* Location.swift */,
			);
			path = Model;
			sourceTree = "<group>";
		};
		2C571B671F03A99B009C41B3 /* Controller */ = {
			isa = PBXGroup;
			children = (
				2C283ED41EFD6F62007DD659 /* ItemCellTests.swift */,
				2CD2A9731EFC0AA2006DE688 /* ItemListDataProviderTests.swift */,
				2CD2A96C1EFBCC47006DE688 /* ItemListViewControllerTests.swift */,
				2CFC5C041F02B16600749253 /* InputViewControllerTests.swift */,
				2C2B2D4F1F0264F300E2F5BA /* DetailViewControllerTests.swift */,
			);
			name = Controller;
			sourceTree = "<group>";
		};
		2CD2A96B1EFBCC0D006DE688 /* Model */ = {
			isa = PBXGroup;
			children = (
				2C41D3A21EF93FA200788DDA /* ToDoTests.swift */,
				2C41D3A91EFA7CF500788DDA /* LocationTests.swift */,
				2C41D3AB1EFA7E8500788DDA /* ItemManagerTests.swift */,
			);
			path = Model;
			sourceTree = "<group>";
		};
		2CD2A9721EFBCFD9006DE688 /* Controller */ = {
			isa = PBXGroup;
			children = (
				2CD2A96E1EFBCCA9006DE688 /* ItemListViewController.swift */,
				2CD2A9701EFBCFCD006DE688 /* ItemListDataProvider.swift */,
				2C283ED21EFD1A0C007DD659 /* ItemCell.swift */,
				2C2B2D511F0265B000E2F5BA /* DetailViewController.swift */,
				2CFC5C061F02B37900749253 /* InputViewController.swift */,
			);
			path = Controller;
			sourceTree = "<group>";
		};
/* End PBXGroup section */

/* Begin PBXNativeTarget section */
		2C41D37E1EF92E3600788DDA /* TDD-TodoList */ = {
			isa = PBXNativeTarget;
			buildConfigurationList = 2C41D39C1EF92E3700788DDA /* Build configuration list for PBXNativeTarget "TDD-TodoList" */;
			buildPhases = (
				2C41D37B1EF92E3600788DDA /* Sources */,
				2C41D37C1EF92E3600788DDA /* Frameworks */,
				2C41D37D1EF92E3600788DDA /* Resources */,
			);
			buildRules = (
			);
			dependencies = (
			);
			name = "TDD-TodoList";
			productName = "TDD-TodoList";
			productReference = 2C41D37F1EF92E3600788DDA /* TDD-TodoList.app */;
			productType = "com.apple.product-type.application";
		};
		2C41D3921EF92E3600788DDA /* TDD-TodoListTests */ = {
			isa = PBXNativeTarget;
			buildConfigurationList = 2C41D39F1EF92E3700788DDA /* Build configuration list for PBXNativeTarget "TDD-TodoListTests" */;
			buildPhases = (
				2C41D38F1EF92E3600788DDA /* Sources */,
				2C41D3901EF92E3600788DDA /* Frameworks */,
				2C41D3911EF92E3600788DDA /* Resources */,
			);
			buildRules = (
			);
			dependencies = (
				2C41D3951EF92E3600788DDA /* PBXTargetDependency */,
			);
			name = "TDD-TodoListTests";
			productName = "TDD-TodoListTests";
			productReference = 2C41D3931EF92E3600788DDA /* TDD-TodoListTests.xctest */;
			productType = "com.apple.product-type.bundle.unit-test";
		};
/* End PBXNativeTarget section */

/* Begin PBXProject section */
		2C41D3771EF92E3600788DDA /* Project object */ = {
			isa = PBXProject;
			attributes = {
				LastSwiftUpdateCheck = 0900;
				LastUpgradeCheck = 0900;
				ORGANIZATIONNAME = "Ivan Garcia";
				TargetAttributes = {
					2C41D37E1EF92E3600788DDA = {
						CreatedOnToolsVersion = 9.0;
						SystemCapabilities = {
							com.apple.Maps.iOS = {
								enabled = 1;
							};
						};
					};
					2C41D3921EF92E3600788DDA = {
						CreatedOnToolsVersion = 9.0;
						TestTargetID = 2C41D37E1EF92E3600788DDA;
					};
				};
			};
			buildConfigurationList = 2C41D37A1EF92E3600788DDA /* Build configuration list for PBXProject "TDD-TodoList" */;
			compatibilityVersion = "Xcode 8.0";
			developmentRegion = en;
			hasScannedForEncodings = 0;
			knownRegions = (
				en,
				Base,
			);
			mainGroup = 2C41D3761EF92E3600788DDA;
			productRefGroup = 2C41D3801EF92E3600788DDA /* Products */;
			projectDirPath = "";
			projectRoot = "";
			targets = (
				2C41D37E1EF92E3600788DDA /* TDD-TodoList */,
				2C41D3921EF92E3600788DDA /* TDD-TodoListTests */,
			);
		};
/* End PBXProject section */

/* Begin PBXResourcesBuildPhase section */
		2C41D37D1EF92E3600788DDA /* Resources */ = {
			isa = PBXResourcesBuildPhase;
			buildActionMask = 2147483647;
			files = (
				2C41D38D1EF92E3600788DDA /* LaunchScreen.storyboard in Resources */,
				2C41D38A1EF92E3600788DDA /* Assets.xcassets in Resources */,
				2C41D3881EF92E3600788DDA /* Main.storyboard in Resources */,
			);
			runOnlyForDeploymentPostprocessing = 0;
		};
		2C41D3911EF92E3600788DDA /* Resources */ = {
			isa = PBXResourcesBuildPhase;
			buildActionMask = 2147483647;
			files = (
			);
			runOnlyForDeploymentPostprocessing = 0;
		};
/* End PBXResourcesBuildPhase section */

/* Begin PBXSourcesBuildPhase section */
		2C41D37B1EF92E3600788DDA /* Sources */ = {
			isa = PBXSourcesBuildPhase;
			buildActionMask = 2147483647;
			files = (
				2CFC5C071F02B37900749253 /* InputViewController.swift in Sources */,
				2C41D3AE1EFA7EDF00788DDA /* ItemManager.swift in Sources */,
				2CD2A9711EFBCFCD006DE688 /* ItemListDataProvider.swift in Sources */,
				2C41D3831EF92E3600788DDA /* AppDelegate.swift in Sources */,
				2C41D3A81EFA7BFE00788DDA /* Location.swift in Sources */,
				2C283ED31EFD1A0C007DD659 /* ItemCell.swift in Sources */,
				2C41D3A51EF9672E00788DDA /* ToDoItem.swift in Sources */,
				2CD2A96F1EFBCCA9006DE688 /* ItemListViewController.swift in Sources */,
				2C2B2D521F0265B000E2F5BA /* DetailViewController.swift in Sources */,
			);
			runOnlyForDeploymentPostprocessing = 0;
		};
		2C41D38F1EF92E3600788DDA /* Sources */ = {
			isa = PBXSourcesBuildPhase;
			buildActionMask = 2147483647;
			files = (
				2C283ED51EFD6F62007DD659 /* ItemCellTests.swift in Sources */,
				2CD2A9741EFC0AA2006DE688 /* ItemListDataProviderTests.swift in Sources */,
				2C41D3AC1EFA7E8500788DDA /* ItemManagerTests.swift in Sources */,
				2CFC5C051F02B16600749253 /* InputViewControllerTests.swift in Sources */,
				2C41D3AA1EFA7CF500788DDA /* LocationTests.swift in Sources */,
				2C2B2D501F0264F300E2F5BA /* DetailViewControllerTests.swift in Sources */,
				2C41D3A31EF93FA200788DDA /* ToDoTests.swift in Sources */,
				2CD2A96D1EFBCC47006DE688 /* ItemListViewControllerTests.swift in Sources */,
			);
			runOnlyForDeploymentPostprocessing = 0;
		};
/* End PBXSourcesBuildPhase section */

/* Begin PBXTargetDependency section */
		2C41D3951EF92E3600788DDA /* PBXTargetDependency */ = {
			isa = PBXTargetDependency;
			target = 2C41D37E1EF92E3600788DDA /* TDD-TodoList */;
			targetProxy = 2C41D3941EF92E3600788DDA /* PBXContainerItemProxy */;
		};
/* End PBXTargetDependency section */

/* Begin PBXVariantGroup section */
		2C41D3861EF92E3600788DDA /* Main.storyboard */ = {
			isa = PBXVariantGroup;
			children = (
				2C41D3871EF92E3600788DDA /* Base */,
			);
			name = Main.storyboard;
			sourceTree = "<group>";
		};
		2C41D38B1EF92E3600788DDA /* LaunchScreen.storyboard */ = {
			isa = PBXVariantGroup;
			children = (
				2C41D38C1EF92E3600788DDA /* Base */,
			);
			name = LaunchScreen.storyboard;
			sourceTree = "<group>";
		};
/* End PBXVariantGroup section */

/* Begin XCBuildConfiguration section */
		2C41D39A1EF92E3700788DDA /* Debug */ = {
			isa = XCBuildConfiguration;
			buildSettings = {
				ALWAYS_SEARCH_USER_PATHS = NO;
				CLANG_ANALYZER_NONNULL = YES;
				CLANG_ANALYZER_NUMBER_OBJECT_CONVERSION = YES_AGGRESSIVE;
				CLANG_CXX_LANGUAGE_STANDARD = "gnu++14";
				CLANG_CXX_LIBRARY = "libc++";
				CLANG_ENABLE_MODULES = YES;
				CLANG_ENABLE_OBJC_ARC = YES;
				CLANG_WARN_BLOCK_CAPTURE_AUTORELEASING = YES;
				CLANG_WARN_BOOL_CONVERSION = YES;
				CLANG_WARN_COMMA = YES;
				CLANG_WARN_CONSTANT_CONVERSION = YES;
				CLANG_WARN_DIRECT_OBJC_ISA_USAGE = YES_ERROR;
				CLANG_WARN_DOCUMENTATION_COMMENTS = YES;
				CLANG_WARN_EMPTY_BODY = YES;
				CLANG_WARN_ENUM_CONVERSION = YES;
				CLANG_WARN_INFINITE_RECURSION = YES;
				CLANG_WARN_INT_CONVERSION = YES;
				CLANG_WARN_OBJC_ROOT_CLASS = YES_ERROR;
				CLANG_WARN_RANGE_LOOP_ANALYSIS = YES;
				CLANG_WARN_STRICT_PROTOTYPES = YES;
				CLANG_WARN_SUSPICIOUS_MOVE = YES;
				CLANG_WARN_UNGUARDED_AVAILABILITY = YES_AGGRESSIVE;
				CLANG_WARN_UNREACHABLE_CODE = YES;
				CLANG_WARN__DUPLICATE_METHOD_MATCH = YES;
				CODE_SIGN_IDENTITY = "iPhone Developer";
				COPY_PHASE_STRIP = NO;
				DEBUG_INFORMATION_FORMAT = dwarf;
				ENABLE_STRICT_OBJC_MSGSEND = YES;
				ENABLE_TESTABILITY = YES;
				GCC_C_LANGUAGE_STANDARD = gnu11;
				GCC_DYNAMIC_NO_PIC = NO;
				GCC_NO_COMMON_BLOCKS = YES;
				GCC_OPTIMIZATION_LEVEL = 0;
				GCC_PREPROCESSOR_DEFINITIONS = (
					"DEBUG=1",
					"$(inherited)",
				);
				GCC_WARN_64_TO_32_BIT_CONVERSION = YES;
				GCC_WARN_ABOUT_RETURN_TYPE = YES_ERROR;
				GCC_WARN_UNDECLARED_SELECTOR = YES;
				GCC_WARN_UNINITIALIZED_AUTOS = YES_AGGRESSIVE;
				GCC_WARN_UNUSED_FUNCTION = YES;
				GCC_WARN_UNUSED_VARIABLE = YES;
				IPHONEOS_DEPLOYMENT_TARGET = 11.0;
				MTL_ENABLE_DEBUG_INFO = YES;
				ONLY_ACTIVE_ARCH = YES;
				SDKROOT = iphoneos;
				SWIFT_ACTIVE_COMPILATION_CONDITIONS = DEBUG;
				SWIFT_OPTIMIZATION_LEVEL = "-Onone";
			};
			name = Debug;
		};
		2C41D39B1EF92E3700788DDA /* Release */ = {
			isa = XCBuildConfiguration;
			buildSettings = {
				ALWAYS_SEARCH_USER_PATHS = NO;
				CLANG_ANALYZER_NONNULL = YES;
				CLANG_ANALYZER_NUMBER_OBJECT_CONVERSION = YES_AGGRESSIVE;
				CLANG_CXX_LANGUAGE_STANDARD = "gnu++14";
				CLANG_CXX_LIBRARY = "libc++";
				CLANG_ENABLE_MODULES = YES;
				CLANG_ENABLE_OBJC_ARC = YES;
				CLANG_WARN_BLOCK_CAPTURE_AUTORELEASING = YES;
				CLANG_WARN_BOOL_CONVERSION = YES;
				CLANG_WARN_COMMA = YES;
				CLANG_WARN_CONSTANT_CONVERSION = YES;
				CLANG_WARN_DIRECT_OBJC_ISA_USAGE = YES_ERROR;
				CLANG_WARN_DOCUMENTATION_COMMENTS = YES;
				CLANG_WARN_EMPTY_BODY = YES;
				CLANG_WARN_ENUM_CONVERSION = YES;
				CLANG_WARN_INFINITE_RECURSION = YES;
				CLANG_WARN_INT_CONVERSION = YES;
				CLANG_WARN_OBJC_ROOT_CLASS = YES_ERROR;
				CLANG_WARN_RANGE_LOOP_ANALYSIS = YES;
				CLANG_WARN_STRICT_PROTOTYPES = YES;
				CLANG_WARN_SUSPICIOUS_MOVE = YES;
				CLANG_WARN_UNGUARDED_AVAILABILITY = YES_AGGRESSIVE;
				CLANG_WARN_UNREACHABLE_CODE = YES;
				CLANG_WARN__DUPLICATE_METHOD_MATCH = YES;
				CODE_SIGN_IDENTITY = "iPhone Developer";
				COPY_PHASE_STRIP = NO;
				DEBUG_INFORMATION_FORMAT = "dwarf-with-dsym";
				ENABLE_NS_ASSERTIONS = NO;
				ENABLE_STRICT_OBJC_MSGSEND = YES;
				GCC_C_LANGUAGE_STANDARD = gnu11;
				GCC_NO_COMMON_BLOCKS = YES;
				GCC_WARN_64_TO_32_BIT_CONVERSION = YES;
				GCC_WARN_ABOUT_RETURN_TYPE = YES_ERROR;
				GCC_WARN_UNDECLARED_SELECTOR = YES;
				GCC_WARN_UNINITIALIZED_AUTOS = YES_AGGRESSIVE;
				GCC_WARN_UNUSED_FUNCTION = YES;
				GCC_WARN_UNUSED_VARIABLE = YES;
				IPHONEOS_DEPLOYMENT_TARGET = 11.0;
				MTL_ENABLE_DEBUG_INFO = NO;
				SDKROOT = iphoneos;
				SWIFT_OPTIMIZATION_LEVEL = "-Owholemodule";
				VALIDATE_PRODUCT = YES;
			};
			name = Release;
		};
		2C41D39D1EF92E3700788DDA /* Debug */ = {
			isa = XCBuildConfiguration;
			buildSettings = {
				ASSETCATALOG_COMPILER_APPICON_NAME = AppIcon;
				INFOPLIST_FILE = "TDD-TodoList/Info.plist";
				LD_RUNPATH_SEARCH_PATHS = "$(inherited) @executable_path/Frameworks";
				PRODUCT_BUNDLE_IDENTIFIER = "com.ivangar.TDD-TodoList";
				PRODUCT_NAME = "$(TARGET_NAME)";
				SWIFT_VERSION = 4.0;
				TARGETED_DEVICE_FAMILY = "1,2";
			};
			name = Debug;
		};
		2C41D39E1EF92E3700788DDA /* Release */ = {
			isa = XCBuildConfiguration;
			buildSettings = {
				ASSETCATALOG_COMPILER_APPICON_NAME = AppIcon;
				INFOPLIST_FILE = "TDD-TodoList/Info.plist";
				LD_RUNPATH_SEARCH_PATHS = "$(inherited) @executable_path/Frameworks";
				PRODUCT_BUNDLE_IDENTIFIER = "com.ivangar.TDD-TodoList";
				PRODUCT_NAME = "$(TARGET_NAME)";
				SWIFT_VERSION = 4.0;
				TARGETED_DEVICE_FAMILY = "1,2";
			};
			name = Release;
		};
		2C41D3A01EF92E3700788DDA /* Debug */ = {
			isa = XCBuildConfiguration;
			buildSettings = {
				ALWAYS_EMBED_SWIFT_STANDARD_LIBRARIES = YES;
				BUNDLE_LOADER = "$(TEST_HOST)";
				INFOPLIST_FILE = "TDD-TodoListTests/Info.plist";
				LD_RUNPATH_SEARCH_PATHS = "$(inherited) @executable_path/Frameworks @loader_path/Frameworks";
				PRODUCT_BUNDLE_IDENTIFIER = "com.ivangar.TDD-TodoListTests";
				PRODUCT_NAME = "$(TARGET_NAME)";
				SWIFT_VERSION = 4.0;
				TARGETED_DEVICE_FAMILY = "1,2";
				TEST_HOST = "$(BUILT_PRODUCTS_DIR)/TDD-TodoList.app/TDD-TodoList";
			};
			name = Debug;
		};
		2C41D3A11EF92E3700788DDA /* Release */ = {
			isa = XCBuildConfiguration;
			buildSettings = {
				ALWAYS_EMBED_SWIFT_STANDARD_LIBRARIES = YES;
				BUNDLE_LOADER = "$(TEST_HOST)";
				INFOPLIST_FILE = "TDD-TodoListTests/Info.plist";
				LD_RUNPATH_SEARCH_PATHS = "$(inherited) @executable_path/Frameworks @loader_path/Frameworks";
				PRODUCT_BUNDLE_IDENTIFIER = "com.ivangar.TDD-TodoListTests";
				PRODUCT_NAME = "$(TARGET_NAME)";
				SWIFT_VERSION = 4.0;
				TARGETED_DEVICE_FAMILY = "1,2";
				TEST_HOST = "$(BUILT_PRODUCTS_DIR)/TDD-TodoList.app/TDD-TodoList";
			};
			name = Release;
		};
/* End XCBuildConfiguration section */

/* Begin XCConfigurationList section */
		2C41D37A1EF92E3600788DDA /* Build configuration list for PBXProject "TDD-TodoList" */ = {
			isa = XCConfigurationList;
			buildConfigurations = (
				2C41D39A1EF92E3700788DDA /* Debug */,
				2C41D39B1EF92E3700788DDA /* Release */,
			);
			defaultConfigurationIsVisible = 0;
			defaultConfigurationName = Release;
		};
		2C41D39C1EF92E3700788DDA /* Build configuration list for PBXNativeTarget "TDD-TodoList" */ = {
			isa = XCConfigurationList;
			buildConfigurations = (
				2C41D39D1EF92E3700788DDA /* Debug */,
				2C41D39E1EF92E3700788DDA /* Release */,
			);
			defaultConfigurationIsVisible = 0;
			defaultConfigurationName = Release;
		};
		2C41D39F1EF92E3700788DDA /* Build configuration list for PBXNativeTarget "TDD-TodoListTests" */ = {
			isa = XCConfigurationList;
			buildConfigurations = (
				2C41D3A01EF92E3700788DDA /* Debug */,
				2C41D3A11EF92E3700788DDA /* Release */,
			);
			defaultConfigurationIsVisible = 0;
			defaultConfigurationName = Release;
		};
/* End XCConfigurationList section */
	};
	rootObject = 2C41D3771EF92E3600788DDA /* Project object */;
}
